// !$*UTF8*$!
{
	archiveVersion = 1;
	classes = {
	};
	objectVersion = 56;
	objects = {

/* Begin PBXBuildFile section */
		5739877CDEB3491FBCADD5D8 /* TroLyNhacApp.swift in Sources */ = {isa = PBXBuildFile; fileRef = 6003CB3F6F134103813A39EA /* TroLyNhacApp.swift */; };
		4E936D6D165A44D29D477817 /* Models.swift in Sources */ = {isa = PBXBuildFile; fileRef = 9110BFF707B34C8B9EA6D02E /* Models.swift */; };
		4B75AA45B916470D8EF0A8CF /* Theme.swift in Sources */ = {isa = PBXBuildFile; fileRef = 555084743AEB4AE480BA5F40 /* Theme.swift */; };
		61301447B4BF401CBD52D735 /* AudioDeviceHelper.swift in Sources */ = {isa = PBXBuildFile; fileRef = A56D857B78254A789BD34E00 /* AudioDeviceHelper.swift */; };
		E33BB1EAC90A46C4AF9E8CE9 /* AudioDecisionEngine.swift in Sources */ = {isa = PBXBuildFile; fileRef = 613370DE8346420580DB90C8 /* AudioDecisionEngine.swift */; };
		8CAAB7B61176449E86A3CEF7 /* SubsonicRepository.swift in Sources */ = {isa = PBXBuildFile; fileRef = ADE63BB597244FAD83D05D55 /* SubsonicRepository.swift */; };
		7EBF5794B65E4AFCA464D58C /* PlayerManager.swift in Sources */ = {isa = PBXBuildFile; fileRef = 174A1069CF2E4A80A36EE37B /* PlayerManager.swift */; };
		D06226C0ECDB4D139EAC694B /* LoginView.swift in Sources */ = {isa = PBXBuildFile; fileRef = 1D078A41B3414647817252C4 /* LoginView.swift */; };
		4E5DDEE46DA2446488CA048C /* HomeView.swift in Sources */ = {isa = PBXBuildFile; fileRef = 2303790B53A6421E908D5860 /* HomeView.swift */; };
		079DDEB80B894789B6FC714C /* SearchView.swift in Sources */ = {isa = PBXBuildFile; fileRef = 99A9CC3B1FA445F0844EC191 /* SearchView.swift */; };
		995BCDC5394C4079BDEFA1F0 /* LibraryView.swift in Sources */ = {isa = PBXBuildFile; fileRef = 4A628CE8E2084C17A5E6F985 /* LibraryView.swift */; };
		C0029CB9181E4EC59318175C /* SettingsView.swift in Sources */ = {isa = PBXBuildFile; fileRef = 664EA8BCE1AD412B826E9918 /* SettingsView.swift */; };
		2554CFA57634438CAC144DB7 /* DetailViews.swift in Sources */ = {isa = PBXBuildFile; fileRef = EF385D11B2BC4BDB9A06337E /* DetailViews.swift */; };
		0D111F6D4F0546B1B71AFF9F /* MiniPlayerView.swift in Sources */ = {isa = PBXBuildFile; fileRef = E0DD9C8EB56D45188C7FCCEF /* MiniPlayerView.swift */; };
		AB6E37C6D96F4BA09F5B7875 /* NowPlayingView.swift in Sources */ = {isa = PBXBuildFile; fileRef = BAFE82B4729842DC99C1C136 /* NowPlayingView.swift */; };
		03F66499170640D4ABF533E4 /* AppShellView.swift in Sources */ = {isa = PBXBuildFile; fileRef = 0800FF2CCEF04A3B8DF62569 /* AppShellView.swift */; };
		43B43332FE4F480898118586 /* Assets.xcassets in Resources */ = {isa = PBXBuildFile; fileRef = 5C01CF7C8C2C47D087449760 /* Assets.xcassets */; };
/* End PBXBuildFile section */

/* Begin PBXFileReference section */
		C9D5CE2F42F24B1A828C1236 /* TroLyNhac.app */ = {isa = PBXFileReference; explicitFileType = wrapper.application; includeInIndex = 0; path = TroLyNhac.app; sourceTree = BUILT_PRODUCTS_DIR; };
		087ADFFFAF164758BDD66292 /* Info.plist */ = {isa = PBXFileReference; lastKnownFileType = text.plist.xml; path = Info.plist; sourceTree = "<group>"; };
		5C01CF7C8C2C47D087449760 /* Assets.xcassets */ = {isa = PBXFileReference; lastKnownFileType = folder.assetcatalog; path = Assets.xcassets; sourceTree = "<group>"; };
		6003CB3F6F134103813A39EA /* TroLyNhacApp.swift */ = {isa = PBXFileReference; lastKnownFileType = sourcecode.swift; path = TroLyNhacApp.swift; sourceTree = "<group>"; };
		9110BFF707B34C8B9EA6D02E /* Models.swift */ = {isa = PBXFileReference; lastKnownFileType = sourcecode.swift; path = Models.swift; sourceTree = "<group>"; };
		555084743AEB4AE480BA5F40 /* Theme.swift */ = {isa = PBXFileReference; lastKnownFileType = sourcecode.swift; path = Theme.swift; sourceTree = "<group>"; };
		A56D857B78254A789BD34E00 /* AudioDeviceHelper.swift */ = {isa = PBXFileReference; lastKnownFileType = sourcecode.swift; path = AudioDeviceHelper.swift; sourceTree = "<group>"; };
		613370DE8346420580DB90C8 /* AudioDecisionEngine.swift */ = {isa = PBXFileReference; lastKnownFileType = sourcecode.swift; path = AudioDecisionEngine.swift; sourceTree = "<group>"; };
		ADE63BB597244FAD83D05D55 /* SubsonicRepository.swift */ = {isa = PBXFileReference; lastKnownFileType = sourcecode.swift; path = SubsonicRepository.swift; sourceTree = "<group>"; };
		174A1069CF2E4A80A36EE37B /* PlayerManager.swift */ = {isa = PBXFileReference; lastKnownFileType = sourcecode.swift; path = PlayerManager.swift; sourceTree = "<group>"; };
		1D078A41B3414647817252C4 /* LoginView.swift */ = {isa = PBXFileReference; lastKnownFileType = sourcecode.swift; path = LoginView.swift; sourceTree = "<group>"; };
		2303790B53A6421E908D5860 /* HomeView.swift */ = {isa = PBXFileReference; lastKnownFileType = sourcecode.swift; path = HomeView.swift; sourceTree = "<group>"; };
		99A9CC3B1FA445F0844EC191 /* SearchView.swift */ = {isa = PBXFileReference; lastKnownFileType = sourcecode.swift; path = SearchView.swift; sourceTree = "<group>"; };
		4A628CE8E2084C17A5E6F985 /* LibraryView.swift */ = {isa = PBXFileReference; lastKnownFileType = sourcecode.swift; path = LibraryView.swift; sourceTree = "<group>"; };
		664EA8BCE1AD412B826E9918 /* SettingsView.swift */ = {isa = PBXFileReference; lastKnownFileType = sourcecode.swift; path = SettingsView.swift; sourceTree = "<group>"; };
		EF385D11B2BC4BDB9A06337E /* DetailViews.swift */ = {isa = PBXFileReference; lastKnownFileType = sourcecode.swift; path = DetailViews.swift; sourceTree = "<group>"; };
		E0DD9C8EB56D45188C7FCCEF /* MiniPlayerView.swift */ = {isa = PBXFileReference; lastKnownFileType = sourcecode.swift; path = MiniPlayerView.swift; sourceTree = "<group>"; };
		BAFE82B4729842DC99C1C136 /* NowPlayingView.swift */ = {isa = PBXFileReference; lastKnownFileType = sourcecode.swift; path = NowPlayingView.swift; sourceTree = "<group>"; };
		0800FF2CCEF04A3B8DF62569 /* AppShellView.swift */ = {isa = PBXFileReference; lastKnownFileType = sourcecode.swift; path = AppShellView.swift; sourceTree = "<group>"; };
/* End PBXFileReference section */

/* Begin PBXFrameworksBuildPhase section */
		0F33EAB1CB7E45E4A843A763 /* Frameworks */ = {
			isa = PBXFrameworksBuildPhase;
			buildActionMask = 2147483647;
			files = (
			);
			runOnlyForDeploymentPostprocessing = 0;
		};
/* End PBXFrameworksBuildPhase section */

/* Begin PBXGroup section */
		A9B43E127DB846659D06E6D9 = {
			isa = PBXGroup;
			children = (
				22D6F4B4E9F948A1B2A959E1 /* TroLyNhac */,
				18ECD4A1DC4F4047BD3BD773 /* Products */,
			);
			sourceTree = "<group>";
		};
		18ECD4A1DC4F4047BD3BD773 /* Products */ = {
			isa = PBXGroup;
			children = (
				C9D5CE2F42F24B1A828C1236 /* TroLyNhac.app */,
			);
			name = Products;
			sourceTree = "<group>";
		};
		22D6F4B4E9F948A1B2A959E1 /* TroLyNhac */ = {
			isa = PBXGroup;
			children = (
				087ADFFFAF164758BDD66292 /* Info.plist */,
				5C01CF7C8C2C47D087449760 /* Assets.xcassets */,
				6003CB3F6F134103813A39EA /* TroLyNhacApp.swift */,
				9110BFF707B34C8B9EA6D02E /* Models.swift */,
				555084743AEB4AE480BA5F40 /* Theme.swift */,
				A56D857B78254A789BD34E00 /* AudioDeviceHelper.swift */,
				613370DE8346420580DB90C8 /* AudioDecisionEngine.swift */,
				ADE63BB597244FAD83D05D55 /* SubsonicRepository.swift */,
				174A1069CF2E4A80A36EE37B /* PlayerManager.swift */,
				25B3DB44D12D4AD7872673CE /* Views */,
			);
			name = TroLyNhac;
			path = TroLyNhac;
			sourceTree = "<group>";
		};
		25B3DB44D12D4AD7872673CE /* Views */ = {
			isa = PBXGroup;
			children = (
				1D078A41B3414647817252C4 /* LoginView.swift */,
				2303790B53A6421E908D5860 /* HomeView.swift */,
				99A9CC3B1FA445F0844EC191 /* SearchView.swift */,
				4A628CE8E2084C17A5E6F985 /* LibraryView.swift */,
				664EA8BCE1AD412B826E9918 /* SettingsView.swift */,
				EF385D11B2BC4BDB9A06337E /* DetailViews.swift */,
				E0DD9C8EB56D45188C7FCCEF /* MiniPlayerView.swift */,
				BAFE82B4729842DC99C1C136 /* NowPlayingView.swift */,
				0800FF2CCEF04A3B8DF62569 /* AppShellView.swift */,
			);
			name = Views;
			path = Views;
			sourceTree = "<group>";
		};
/* End PBXGroup section */

/* Begin PBXNativeTarget section */
		1A5B5A2B675F42DBBF5B5C72 /* TroLyNhac */ = {
			isa = PBXNativeTarget;
			buildConfigurationList = C21B48959EB54CE5AB53FAE0 /* Build configuration list for PBXNativeTarget "TroLyNhac" */;
			buildPhases = (
				7471F6E459934A2A99772F0F /* Sources */,
				0F33EAB1CB7E45E4A843A763 /* Frameworks */,
				05F9B9461F7D4EA5BA1D276B /* Resources */,
			);
			buildRules = (
			);
			dependencies = (
			);
			name = TroLyNhac;
			productName = TroLyNhac;
			productReference = C9D5CE2F42F24B1A828C1236 /* TroLyNhac.app */;
			productType = "com.apple.product-type.application";
		};
/* End PBXNativeTarget section */

/* Begin PBXProject section */
		5AC3B4DEA7B9406A831B0BFA /* Project object */ = {
			isa = PBXProject;
			attributes = {
				BuildIndependentTargetsInParallel = 1;
				LastSwiftUpdateCheck = 1400;
				LastUpgradeCheck = 1400;
				TargetAttributes = {
					1A5B5A2B675F42DBBF5B5C72 = {
						CreatedOnToolsVersion = 14.0;
						DevelopmentTeam = "";
						LastSwiftMigration = 1400;
					};
				};
			};
			buildConfigurationList = 9FC91D4FAE3140A8B2F6D365 /* Build configuration list for PBXProject "TroLyNhac" */;
			compatibilityVersion = "Xcode 14.0";
			developmentRegion = vi;
			hasScannedForEncodings = 0;
			knownRegions = (
				vi,
				Base,
			);
			mainGroup = A9B43E127DB846659D06E6D9;
			productRefGroup = 18ECD4A1DC4F4047BD3BD773 /* Products */;
			projectDirPath = "";
			projectRoot = "";
			targets = (
				1A5B5A2B675F42DBBF5B5C72 /* TroLyNhac */,
			);
		};
/* End PBXProject section */

/* Begin PBXResourcesBuildPhase section */
		05F9B9461F7D4EA5BA1D276B /* Resources */ = {
			isa = PBXResourcesBuildPhase;
			buildActionMask = 2147483647;
			files = (
				43B43332FE4F480898118586 /* Assets.xcassets in Resources */,
			);
			runOnlyForDeploymentPostprocessing = 0;
		};
/* End PBXResourcesBuildPhase section */

/* Begin PBXSourcesBuildPhase section */
		7471F6E459934A2A99772F0F /* Sources */ = {
			isa = PBXSourcesBuildPhase;
			buildActionMask = 2147483647;
			files = (
				5739877CDEB3491FBCADD5D8 /* TroLyNhacApp.swift in Sources */,
				4E936D6D165A44D29D477817 /* Models.swift in Sources */,
				4B75AA45B916470D8EF0A8CF /* Theme.swift in Sources */,
				61301447B4BF401CBD52D735 /* AudioDeviceHelper.swift in Sources */,
				E33BB1EAC90A46C4AF9E8CE9 /* AudioDecisionEngine.swift in Sources */,
				8CAAB7B61176449E86A3CEF7 /* SubsonicRepository.swift in Sources */,
				7EBF5794B65E4AFCA464D58C /* PlayerManager.swift in Sources */,
				D06226C0ECDB4D139EAC694B /* LoginView.swift in Sources */,
				4E5DDEE46DA2446488CA048C /* HomeView.swift in Sources */,
				079DDEB80B894789B6FC714C /* SearchView.swift in Sources */,
				995BCDC5394C4079BDEFA1F0 /* LibraryView.swift in Sources */,
				C0029CB9181E4EC59318175C /* SettingsView.swift in Sources */,
				2554CFA57634438CAC144DB7 /* DetailViews.swift in Sources */,
				0D111F6D4F0546B1B71AFF9F /* MiniPlayerView.swift in Sources */,
				AB6E37C6D96F4BA09F5B7875 /* NowPlayingView.swift in Sources */,
				03F66499170640D4ABF533E4 /* AppShellView.swift in Sources */,
			);
			runOnlyForDeploymentPostprocessing = 0;
		};
/* End PBXSourcesBuildPhase section */

/* Begin XCBuildConfiguration section */
		0B0F3A211B68494FB6E2A125 /* Debug */ = {
			isa = XCBuildConfiguration;
			buildSettings = {
				ALWAYS_SEARCH_USER_PATHS = NO;
				CLANG_ANALYZER_NONNULL = YES;
				CLANG_ANALYZER_NUMBER_OBJECT_CONVERSION = YES_AGGRESSIVE;
				CLANG_CXX_LANGUAGE_STANDARD = "gnu++20";
				CLANG_CXX_LIBRARY = "libc++";
				CLANG_ENABLE_MODULES = YES;
				CLANG_ENABLE_OBJC_ARC = YES;
				CLANG_ENABLE_OBJC_WEAK = YES;
				CLANG_WARN_BLOCK_CAPTURE_AUTORELEASING = YES;
				CLANG_WARN_BOOL_CONVERSION = YES;
				CLANG_WARN_COMMA = YES;
				CLANG_WARN_CONSTANT_CONVERSION = YES;
				CLANG_WARN_DEPRECATED_OBJC_IMPLEMENTATIONS = YES;
				CLANG_WARN_DIRECT_OBJC_PREPATENT_COERCION = YES_ABSOLUTE;
				CLANG_WARN_DOCUMENTATION_COMMENTS = YES;
				CLANG_WARN_EMPTY_BODY = YES;
				CLANG_WARN_ENUM_CONVERSION = YES;
				CLANG_WARN_INFINITE_RECURSION = YES;
				CLANG_WARN_INT_CONVERSION = YES;
				CLANG_WARN_NON_LITERAL_NULL_CONVERSION = YES;
				CLANG_WARN_OBJC_IMPLICIT_RETAIN_SELF = YES;
				CLANG_WARN_OBJC_LITERAL_CONVERSION = YES;
				CLANG_WARN_OBJC_ROOT_CLASS = YES_ERROR;
				CLANG_WARN_QUOTED_INCLUDE_IN_FRAMEWORK_HEADER = YES;
				CLANG_WARN_RANGE_LOOP_ANALYSIS = YES;
				CLANG_WARN_STRICT_PROTOTYPES = YES;
				CLANG_WARN_SUSPICIOUS_MOVE = YES;
				CLANG_WARN_UNGUARDED_AVAILABILITY = YES_AGGRESSIVE;
				CLANG_WARN_UNREACHABLE_CODE = YES;
				COPY_PHASE_STRIP = NO;
				DEBUG_INFORMATION_FORMAT = dwarf;
				ENABLE_STRICT_OBJC_MSGSEND = YES;
				ENABLE_TESTABILITY = YES;
				GCC_C_LANGUAGE_STANDARD = gnu11;
				GCC_DYNAMIC_NO_PIC = NO;
				GCC_NO_COMMON_BLOCKS = YES;
				GCC_OPTIMIZATION_LEVEL = 0;
				GCC_PREPROCESSOR_DEFINITIONS = (
					"DEBUG=1",
					"$(inherited)",
				);
				GCC_WARN_64_TO_32_BIT_CONVERSION = YES;
				GCC_WARN_ABOUT_RETURN_TYPE = YES_ERROR;
				GCC_WARN_UNDECLARED_SELECTOR = YES;
				GCC_WARN_UNINITIALIZED_AUTOS = YES_AGGRESSIVE;
				GCC_WARN_UNUSED_FUNCTION = YES;
				GCC_WARN_UNUSED_VARIABLE = YES;
				IPHONEOS_DEPLOYMENT_TARGET = 15.0;
				MTL_ENABLE_DEBUG_INFO = INCLUDE_SOURCE;
				MTL_FAST_MATH = YES;
				ONLY_ACTIVE_ARCH = YES;
				SDKROOT = iphoneos;
				SWIFT_ACTIVE_COMPILATION_CONDITIONS = DEBUG;
				SWIFT_OPTIMIZATION_LEVEL = "-Onone";
			};
			name = Debug;
		};
		EDA7BD32035E4F13AE155B34 /* Release */ = {
			isa = XCBuildConfiguration;
			buildSettings = {
				ALWAYS_SEARCH_USER_PATHS = NO;
				CLANG_ANALYZER_NONNULL = YES;
				CLANG_ANALYZER_NUMBER_OBJECT_CONVERSION = YES_AGGRESSIVE;
				CLANG_CXX_LANGUAGE_STANDARD = "gnu++20";
				CLANG_CXX_LIBRARY = "libc++";
				CLANG_ENABLE_MODULES = YES;
				CLANG_ENABLE_OBJC_ARC = YES;
				CLANG_ENABLE_OBJC_WEAK = YES;
				CLANG_WARN_BLOCK_CAPTURE_AUTORELEASING = YES;
				CLANG_WARN_BOOL_CONVERSION = YES;
				CLANG_WARN_COMMA = YES;
				CLANG_WARN_CONSTANT_CONVERSION = YES;
				CLANG_WARN_DEPRECATED_OBJC_IMPLEMENTATIONS = YES;
				CLANG_WARN_DIRECT_OBJC_PREPATENT_COERCION = YES_ABSOLUTE;
				CLANG_WARN_DOCUMENTATION_COMMENTS = YES;
				CLANG_WARN_EMPTY_BODY = YES;
				CLANG_WARN_ENUM_CONVERSION = YES;
				CLANG_WARN_INFINITE_RECURSION = YES;
				CLANG_WARN_INT_CONVERSION = YES;
				CLANG_WARN_NON_LITERAL_NULL_CONVERSION = YES;
				CLANG_WARN_OBJC_IMPLICIT_RETAIN_SELF = YES;
				CLANG_WARN_OBJC_LITERAL_CONVERSION = YES;
				CLANG_WARN_OBJC_ROOT_CLASS = YES_ERROR;
				CLANG_WARN_QUOTED_INCLUDE_IN_FRAMEWORK_HEADER = YES;
				CLANG_WARN_RANGE_LOOP_ANALYSIS = YES;
				CLANG_WARN_STRICT_PROTOTYPES = YES;
				CLANG_WARN_SUSPICIOUS_MOVE = YES;
				CLANG_WARN_UNGUARDED_AVAILABILITY = YES_AGGRESSIVE;
				CLANG_WARN_UNREACHABLE_CODE = YES;
				COPY_PHASE_STRIP = YES;
				DEBUG_INFORMATION_FORMAT = "dwarf-with-dsym";
				ENABLE_NS_ASSERTIONS = NO;
				ENABLE_STRICT_OBJC_MSGSEND = YES;
				GCC_C_LANGUAGE_STANDARD = gnu11;
				GCC_NO_COMMON_BLOCKS = YES;
				GCC_WARN_64_TO_32_BIT_CONVERSION = YES;
				GCC_WARN_ABOUT_RETURN_TYPE = YES_ERROR;
				GCC_WARN_UNDECLARED_SELECTOR = YES;
				GCC_WARN_UNINITIALIZED_AUTOS = YES_AGGRESSIVE;
				GCC_WARN_UNUSED_FUNCTION = YES;
				GCC_WARN_UNUSED_VARIABLE = YES;
				IPHONEOS_DEPLOYMENT_TARGET = 15.0;
				MTL_ENABLE_DEBUG_INFO = NO;
				MTL_FAST_MATH = YES;
				SDKROOT = iphoneos;
				SWIFT_COMPILATION_MODE = wholemodule;
				SWIFT_OPTIMIZATION_LEVEL = "-O";
				VALIDATE_PRODUCT = YES;
			};
			name = Release;
		};
		7A0612DC1FD54509AFBA0F59 /* Debug */ = {
			isa = XCBuildConfiguration;
			buildSettings = {
				ASSETCATALOG_COMPILER_APPICON_NAME = AppIcon;
				ASSETCATALOG_COMPILER_GLOBAL_ACCENT_COLOR_NAME = AccentColor;
				CODE_SIGN_STYLE = Automatic;
				CURRENT_PROJECT_VERSION = 1;
				GENERATE_INFOPLIST_FILE = NO;
				INFOPLIST_FILE = TroLyNhac/Info.plist;
				INFOPLIST_KEY_LSRequiresIPhoneOS = YES;
				INFOPLIST_KEY_UIApplicationSceneManifest_UIApplicationSupportsMultipleScenes = NO;
				INFOPLIST_KEY_UILaunchScreen_UIApplicationSupportsIndirectInputEvents = YES;
				LD_RUNPATH_SEARCH_PATHS = (
					"$(inherited)",
					"@executable_path/Frameworks",
				);
				MARKETING_VERSION = 1.0.0;
				PRODUCT_BUNDLE_IDENTIFIER = me.troly.nhac.ios;
				PRODUCT_NAME = "$(TARGET_NAME)";
				SWIFT_EMIT_LOC_STRINGS = YES;
				SWIFT_VERSION = 5.0;
				TARGETED_DEVICE_FAMILY = "1,2";
			};
			name = Debug;
		};
		99DD2FBFB75D4F599B8B55BD /* Release */ = {
			isa = XCBuildConfiguration;
			buildSettings = {
				ASSETCATALOG_COMPILER_APPICON_NAME = AppIcon;
				ASSETCATALOG_COMPILER_GLOBAL_ACCENT_COLOR_NAME = AccentColor;
				CODE_SIGN_STYLE = Automatic;
				CURRENT_PROJECT_VERSION = 1;
				GENERATE_INFOPLIST_FILE = NO;
				INFOPLIST_FILE = TroLyNhac/Info.plist;
				INFOPLIST_KEY_LSRequiresIPhoneOS = YES;
				INFOPLIST_KEY_UIApplicationSceneManifest_UIApplicationSupportsMultipleScenes = NO;
				INFOPLIST_KEY_UILaunchScreen_UIApplicationSupportsIndirectInputEvents = YES;
				LD_RUNPATH_SEARCH_PATHS = (
					"$(inherited)",
					"@executable_path/Frameworks",
				);
				MARKETING_VERSION = 1.0.0;
				PRODUCT_BUNDLE_IDENTIFIER = me.troly.nhac.ios;
				PRODUCT_NAME = "$(TARGET_NAME)";
				SWIFT_EMIT_LOC_STRINGS = YES;
				SWIFT_VERSION = 5.0;
				TARGETED_DEVICE_FAMILY = "1,2";
			};
			name = Release;
		};
/* End XCBuildConfiguration section */

/* Begin XCConfigurationList section */
		C21B48959EB54CE5AB53FAE0 /* Build configuration list for PBXNativeTarget "TroLyNhac" */ = {
			isa = XCConfigurationList;
			buildConfigurations = (
				7A0612DC1FD54509AFBA0F59 /* Debug */,
				99DD2FBFB75D4F599B8B55BD /* Release */,
			);
			defaultConfigurationIsVisible = 0;
			defaultConfigurationName = Release;
		};
		9FC91D4FAE3140A8B2F6D365 /* Build configuration list for PBXProject "TroLyNhac" */ = {
			isa = XCConfigurationList;
			buildConfigurations = (
				0B0F3A211B68494FB6E2A125 /* Debug */,
				EDA7BD32035E4F13AE155B34 /* Release */,
			);
			defaultConfigurationIsVisible = 0;
			defaultConfigurationName = Release;
		};
/* End XCConfigurationList section */
	};
	rootObject = 5AC3B4DEA7B9406A831B0BFA /* Project object */;
}
